
Microsoft Visual Studio Solution File, Format Version 12.00
# Visual Studio 14
VisualStudioVersion = 14.0.25420.1
MinimumVisualStudioVersion = 10.0.40219.1
Project("{FAE04EC0-301F-11D3-BF4B-00C04F79EFBC}") = "KDBLite", "KDBLite\KDBLite.csproj", "{F4D138D5-2FC3-4D3B-B275-E439B6F23941}"
EndProject
Project("{FAE04EC0-301F-11D3-BF4B-00C04F79EFBC}") = "KDBLite.Demo", "KDBLite.Demo\KDBLite.Demo.csproj", "{955BC330-C947-4971-81F6-9DEBF0AD2492}"
EndProject
Global
	GlobalSection(SolutionConfigurationPlatforms) = preSolution
		Debug|Any CPU = Debug|Any CPU
		Release|Any CPU = Release|Any CPU
	EndGlobalSection
	GlobalSection(ProjectConfigurationPlatforms) = postSolution
		{F4D138D5-2FC3-4D3B-B275-E439B6F23941}.Debug|Any CPU.ActiveCfg = Debug|Any CPU
		{F4D138D5-2FC3-4D3B-B275-E439B6F23941}.Debug|Any CPU.Build.0 = Debug|Any CPU
		{F4D138D5-2FC3-4D3B-B275-E439B6F23941}.Release|Any CPU.ActiveCfg = Release|Any CPU
		{F4D138D5-2FC3-4D3B-B275-E439B6F23941}.Release|Any CPU.Build.0 = Release|Any CPU
		{955BC330-C947-4971-81F6-9DEBF0AD2492}.Debug|Any CPU.ActiveCfg = Debug|Any CPU
		{955BC330-C947-4971-81F6-9DEBF0AD2492}.Debug|Any CPU.Build.0 = Debug|Any CPU
		{955BC330-C947-4971-81F6-9DEBF0AD2492}.Release|Any CPU.ActiveCfg = Release|Any CPU
		{955BC330-C947-4971-81F6-9DEBF0AD2492}.Release|Any CPU.Build.0 = Release|Any CPU
	EndGlobalSection
	GlobalSection(SolutionProperties) = preSolution
		HideSolutionNode = FALSE
	EndGlobalSection
EndGlobal
